dependencies:
- name: prometheus-operator
  repository: file://../prometheus-operator
  version: 0.1.0
- name: prometheus
  repository: file://../prometheus
  version: 0.1.0
- name: alertmanager
  repository: file://../alertmanager
  version: 0.1.0
digest: sha256:c84c186edd4ce4f88fe1d84cd4810546217f6d2dfa75088d5aae3730d494f19a
generated: "2024-12-03T20:06:46.832463851+01:00"
